<?xml version="1.0" encoding="utf-8"?>
<Project ToolsVersion="4.0" xmlns="http://schemas.microsoft.com/developer/msbuild/2003">
  <ItemGroup>
    <ClCompile Include="Behaviour.cpp">
      <Filter>Source Files\Behaviours</Filter>
    </ClCompile>
    <ClCompile Include="Camera.cpp">
      <Filter>Source Files\Game</Filter>
    </ClCompile>
    <ClCompile Include="CameraBehaviour.cpp">
      <Filter>Source Files\Behaviours\Camera</Filter>
    </ClCompile>
    <ClCompile Include="MeshRenderBehaviour.cpp">
      <Filter>Source Files\Behaviours\Graphics</Filter>
    </ClCompile>
    <ClCompile Include="Display.cpp">
      <Filter>Source Files\Display</Filter>
    </ClCompile>
    <ClCompile Include="FrameBuffer.cpp">
      <Filter>Source Files\Display</Filter>
    </ClCompile>
    <ClCompile Include="Game.cpp">
      <Filter>Source Files\Game</Filter>
    </ClCompile>
    <ClCompile Include="GameObject.cpp">
      <Filter>Source Files\SceneManagement</Filter>
    </ClCompile>
    <ClCompile Include="Scene.cpp">
      <Filter>Source Files\SceneManagement</Filter>
    </ClCompile>
    <ClCompile Include="Utils.cpp">
      <Filter>Source Files\Utilities</Filter>
    </ClCompile>
    <ClCompile Include="Utilities.cpp">
      <Filter>Source Files\Utilities</Filter>
    </ClCompile>
    <ClCompile Include="P_Collider.cpp">
      <Filter>Source Files\Physics</Filter>
    </ClCompile>
    <ClCompile Include="P_PhysicsBody.cpp">
      <Filter>Source Files\Physics</Filter>
    </ClCompile>
    <ClCompile Include="Mesh.cpp">
      <Filter>Source Files\Loaders</Filter>
    </ClCompile>
    <ClCompile Include="Texture.cpp">
      <Filter>Source Files\Loaders</Filter>
    </ClCompile>
    <ClCompile Include="Model.cpp">
      <Filter>Source Files\Loaders</Filter>
    </ClCompile>
    <ClCompile Include="Material.cpp">
      <Filter>Source Files\Loaders</Filter>
    </ClCompile>
    <ClCompile Include="Input.cpp">
      <Filter>Source Files\Handlers</Filter>
    </ClCompile>
    <ClCompile Include="MouseLook.cpp">
      <Filter>Source Files\Behaviours\Camera</Filter>
    </ClCompile>
    <ClCompile Include="TestRotateBehaviour.cpp">
      <Filter>Source Files\Behaviours\Test</Filter>
    </ClCompile>
    <ClCompile Include="MathFunc.cpp">
      <Filter>Source Files\Maths\Math Functions</Filter>
    </ClCompile>
    <ClCompile Include="Shader.cpp">
      <Filter>Source Files\Effects\Shaders</Filter>
    </ClCompile>
    <ClCompile Include="ShaderManager.cpp">
      <Filter>Source Files\Effects\Shaders</Filter>
    </ClCompile>
    <ClCompile Include="ParticleEffect.cpp">
      <Filter>Source Files\Effects\Particles</Filter>
    </ClCompile>
    <ClCompile Include="ParticleManager.cpp">
      <Filter>Source Files\Effects\Particles</Filter>
    </ClCompile>
    <ClCompile Include="ParticleRenderBehaviour.cpp">
      <Filter>Source Files\Behaviours\Graphics</Filter>
    </ClCompile>
    <ClCompile Include="AudioPlayer.cpp">
      <Filter>Source Files\Handlers</Filter>
    </ClCompile>
    <ClCompile Include="PlayerController.cpp">
      <Filter>Source Files\Behaviours\Player</Filter>
    </ClCompile>
    <ClCompile Include="main.cpp">
      <Filter>Source Files\Loaders</Filter>
    </ClCompile>
    <ClCompile Include="IModel.cpp">
      <Filter>Source Files\Loaders</Filter>
    </ClCompile>
    <ClCompile Include="ISkeleton.cpp">
      <Filter>Source Files\Loaders</Filter>
    </ClCompile>
    <ClCompile Include="BVH.cpp">
      <Filter>Source Files\Loaders</Filter>
    </ClCompile>
  </ItemGroup>
  <ItemGroup>
    <ClInclude Include="Behaviour.h">
      <Filter>Source Files\Behaviours</Filter>
    </ClInclude>
    <ClInclude Include="Camera.h">
      <Filter>Source Files\Game</Filter>
    </ClInclude>
    <ClInclude Include="CameraBehaviour.h">
      <Filter>Source Files\Behaviours\Camera</Filter>
    </ClInclude>
    <ClInclude Include="MeshRenderBehaviour.h">
      <Filter>Source Files\Behaviours\Graphics</Filter>
    </ClInclude>
    <ClInclude Include="Display.h">
      <Filter>Source Files\Display</Filter>
    </ClInclude>
    <ClInclude Include="FrameBuffer.h">
      <Filter>Source Files\Display</Filter>
    </ClInclude>
    <ClInclude Include="Game.h">
      <Filter>Source Files\Game</Filter>
    </ClInclude>
    <ClInclude Include="GameObject.h">
      <Filter>Source Files\SceneManagement</Filter>
    </ClInclude>
    <ClInclude Include="Scene.h">
      <Filter>Source Files\SceneManagement</Filter>
    </ClInclude>
    <ClInclude Include="Utils.h">
      <Filter>Source Files\Utilities</Filter>
    </ClInclude>
    <ClInclude Include="Utilities.h">
      <Filter>Source Files\Utilities</Filter>
    </ClInclude>
    <ClInclude Include="P_PhysicsBody.h">
      <Filter>Source Files\Physics</Filter>
    </ClInclude>
    <ClInclude Include="P_Collider.h">
      <Filter>Source Files\Physics</Filter>
    </ClInclude>
    <ClInclude Include="Mesh.h">
      <Filter>Source Files\Loaders</Filter>
    </ClInclude>
    <ClInclude Include="Texture.h">
      <Filter>Source Files\Loaders</Filter>
    </ClInclude>
    <ClInclude Include="Model.h">
      <Filter>Source Files\Loaders</Filter>
    </ClInclude>
    <ClInclude Include="Material.h">
      <Filter>Source Files\Loaders</Filter>
    </ClInclude>
    <ClInclude Include="Input.h">
      <Filter>Source Files\Handlers</Filter>
    </ClInclude>
    <ClInclude Include="MouseLook.h">
      <Filter>Source Files\Behaviours\Camera</Filter>
    </ClInclude>
    <ClInclude Include="TestRotateBehaviour.h">
      <Filter>Source Files\Behaviours\Test</Filter>
    </ClInclude>
    <ClInclude Include="Transform.h">
      <Filter>Source Files\Maths</Filter>
    </ClInclude>
    <ClInclude Include="Shader.h">
      <Filter>Source Files\Effects\Shaders</Filter>
    </ClInclude>
    <ClInclude Include="ShaderManager.h">
      <Filter>Source Files\Effects\Shaders</Filter>
    </ClInclude>
    <ClInclude Include="ParticleEffect.h">
      <Filter>Source Files\Effects\Particles</Filter>
    </ClInclude>
    <ClInclude Include="MathFunc.h">
      <Filter>Source Files\Maths</Filter>
    </ClInclude>
    <ClInclude Include="ParticleManager.h">
      <Filter>Source Files\Effects\Particles</Filter>
    </ClInclude>
    <ClInclude Include="ParticleRenderBehaviour.h">
      <Filter>Source Files\Behaviours\Graphics</Filter>
    </ClInclude>
    <ClInclude Include="AudioPlayer.h">
      <Filter>Source Files\Handlers</Filter>
    </ClInclude>
    <ClInclude Include="PlayerController.h">
      <Filter>Source Files\Behaviours\Player</Filter>
    </ClInclude>
    <ClInclude Include="IModel.h">
      <Filter>Source Files\Loaders</Filter>
    </ClInclude>
    <ClInclude Include="ISkeleton.h">
      <Filter>Source Files\Loaders</Filter>
    </ClInclude>
    <ClInclude Include="BVH.h">
      <Filter>Source Files\Loaders</Filter>
    </ClInclude>
  </ItemGroup>
  <ItemGroup>
    <Filter Include="Source Files">
      <UniqueIdentifier>{38b5868b-78ed-473a-af53-535133f4f4a0}</UniqueIdentifier>
      <Extensions>cpp;c;cc;cxx;def;odl;idl;hpj;bat;asm;asmx</Extensions>
    </Filter>
    <Filter Include="Source Files\Display">
      <UniqueIdentifier>{e34fc625-2cab-495c-a9cd-d2d7564d2b6b}</UniqueIdentifier>
    </Filter>
    <Filter Include="Source Files\Loaders">
      <UniqueIdentifier>{b7bcd7e0-7392-4afa-9d51-422bbc3df44a}</UniqueIdentifier>
    </Filter>
    <Filter Include="Source Files\Maths">
      <UniqueIdentifier>{f6d8081d-94c8-4b90-845c-7d3d975d61d9}</UniqueIdentifier>
    </Filter>
    <Filter Include="Source Files\Handlers">
      <UniqueIdentifier>{b30482cd-916a-47db-80c8-c35e92898832}</UniqueIdentifier>
    </Filter>
    <Filter Include="Source Files\Game">
      <UniqueIdentifier>{2dae0e75-2c79-4028-898b-15b45d818c5b}</UniqueIdentifier>
    </Filter>
    <Filter Include="Source Files\Utilities">
      <UniqueIdentifier>{c23b82ed-b949-4ff5-9eec-49de19428377}</UniqueIdentifier>
    </Filter>
    <Filter Include="Source Files\SceneManagement">
      <UniqueIdentifier>{4767cb5e-10d5-4261-b270-32dc68757e15}</UniqueIdentifier>
    </Filter>
    <Filter Include="Source Files\Behaviours">
      <UniqueIdentifier>{4b7fb590-09ca-484a-8457-aa63ad5a198a}</UniqueIdentifier>
    </Filter>
    <Filter Include="Source Files\Physics">
      <UniqueIdentifier>{640b8531-5f58-45b0-83b9-eb5aee302113}</UniqueIdentifier>
    </Filter>
    <Filter Include="Source Files\Behaviours\Camera">
      <UniqueIdentifier>{da145150-4f87-431d-b48d-c7aeead7f712}</UniqueIdentifier>
    </Filter>
    <Filter Include="Source Files\Behaviours\Graphics">
      <UniqueIdentifier>{c968d563-77bf-466e-9888-8702190a677e}</UniqueIdentifier>
    </Filter>
    <Filter Include="Source Files\Maths\Math Functions">
      <UniqueIdentifier>{592ad530-6fba-463e-81e7-5e786985370d}</UniqueIdentifier>
    </Filter>
    <Filter Include="Source Files\Behaviours\Test">
      <UniqueIdentifier>{8656335d-9751-46d7-8a75-f58e535fb758}</UniqueIdentifier>
    </Filter>
    <Filter Include="Source Files\Effects">
      <UniqueIdentifier>{499e1374-4ef9-4979-92b5-e3953cfae022}</UniqueIdentifier>
    </Filter>
    <Filter Include="Source Files\Effects\Shaders">
      <UniqueIdentifier>{a3143ccc-6e1c-4f6b-8a7c-e20ed10a5e91}</UniqueIdentifier>
    </Filter>
    <Filter Include="Source Files\Effects\Particles">
      <UniqueIdentifier>{70bd2cd7-9789-4347-b073-bb93ac079a71}</UniqueIdentifier>
    </Filter>
    <Filter Include="Source Files\Behaviours\Player">
      <UniqueIdentifier>{a0e2dcfb-c35f-46ea-ba7b-9167c00811e1}</UniqueIdentifier>
    </Filter>
    <Filter Include="Source Files\Temp Stuff">
      <UniqueIdentifier>{510282a8-2c0a-47f7-a5eb-53ec00d7af56}</UniqueIdentifier>
    </Filter>
  </ItemGroup>
</Project>